
Microsoft Visual Studio Solution File, Format Version 12.00
# Visual Studio Version 17
VisualStudioVersion = 17.5.33516.290
MinimumVisualStudioVersion = 10.0.40219.1
Project("{FAE04EC0-301F-11D3-BF4B-00C04F79EFBC}") = "NorthLondon.Domain", "NorthLondon.Domain.csproj", "{379C8034-3DA6-4036-A130-EB879697E504}"
EndProject
Project("{FAE04EC0-301F-11D3-BF4B-00C04F79EFBC}") = "NorthLondon.Infastructure", "..\NorthLondon.Infastructure\NorthLondon.Infastructure.csproj", "{1DB94E8B-A69E-42E2-8990-5DA7B6B7DD08}"
EndProject
Project("{FAE04EC0-301F-11D3-BF4B-00C04F79EFBC}") = "NorthLondon.Application", "..\NorthLondon.Application\NorthLondon.Application.csproj", "{4176434A-296A-4F21-87A7-4DD1010B5CA9}"
EndProject
Project("{FAE04EC0-301F-11D3-BF4B-00C04F79EFBC}") = "NorthLondon.API", "..\NorthLondon.API\NorthLondon.API.csproj", "{8C90AAD0-49EE-4F02-A63B-7CF814BAF217}"
EndProject
Global
	GlobalSection(SolutionConfigurationPlatforms) = preSolution
		Debug|Any CPU = Debug|Any CPU
		Release|Any CPU = Release|Any CPU
	EndGlobalSection
	GlobalSection(ProjectConfigurationPlatforms) = postSolution
		{379C8034-3DA6-4036-A130-EB879697E504}.Debug|Any CPU.ActiveCfg = Debug|Any CPU
		{379C8034-3DA6-4036-A130-EB879697E504}.Debug|Any CPU.Build.0 = Debug|Any CPU
		{379C8034-3DA6-4036-A130-EB879697E504}.Release|Any CPU.ActiveCfg = Release|Any CPU
		{379C8034-3DA6-4036-A130-EB879697E504}.Release|Any CPU.Build.0 = Release|Any CPU
		{1DB94E8B-A69E-42E2-8990-5DA7B6B7DD08}.Debug|Any CPU.ActiveCfg = Debug|Any CPU
		{1DB94E8B-A69E-42E2-8990-5DA7B6B7DD08}.Debug|Any CPU.Build.0 = Debug|Any CPU
		{1DB94E8B-A69E-42E2-8990-5DA7B6B7DD08}.Release|Any CPU.ActiveCfg = Release|Any CPU
		{1DB94E8B-A69E-42E2-8990-5DA7B6B7DD08}.Release|Any CPU.Build.0 = Release|Any CPU
		{4176434A-296A-4F21-87A7-4DD1010B5CA9}.Debug|Any CPU.ActiveCfg = Debug|Any CPU
		{4176434A-296A-4F21-87A7-4DD1010B5CA9}.Debug|Any CPU.Build.0 = Debug|Any CPU
		{4176434A-296A-4F21-87A7-4DD1010B5CA9}.Release|Any CPU.ActiveCfg = Release|Any CPU
		{4176434A-296A-4F21-87A7-4DD1010B5CA9}.Release|Any CPU.Build.0 = Release|Any CPU
		{8C90AAD0-49EE-4F02-A63B-7CF814BAF217}.Debug|Any CPU.ActiveCfg = Debug|Any CPU
		{8C90AAD0-49EE-4F02-A63B-7CF814BAF217}.Debug|Any CPU.Build.0 = Debug|Any CPU
		{8C90AAD0-49EE-4F02-A63B-7CF814BAF217}.Release|Any CPU.ActiveCfg = Release|Any CPU
		{8C90AAD0-49EE-4F02-A63B-7CF814BAF217}.Release|Any CPU.Build.0 = Release|Any CPU
	EndGlobalSection
	GlobalSection(SolutionProperties) = preSolution
		HideSolutionNode = FALSE
	EndGlobalSection
	GlobalSection(ExtensibilityGlobals) = postSolution
		SolutionGuid = {73A7D57C-80A9-432D-AA7E-826B521C0F0A}
	EndGlobalSection
EndGlobal
